
Microsoft Visual Studio Solution File, Format Version 11.00
# Visual Studio 2010
Project("{FAE04EC0-301F-11D3-BF4B-00C04F79EFBC}") = "SumaRomanos", "SumaRomanos\SumaRomanos.csproj", "{F5AFF73B-7414-4690-AF54-371A5EA33FC7}"
EndProject
Global
	GlobalSection(SolutionConfigurationPlatforms) = preSolution
		Debug|x86 = Debug|x86
		Release|x86 = Release|x86
	EndGlobalSection
	GlobalSection(ProjectConfigurationPlatforms) = postSolution
		{F5AFF73B-7414-4690-AF54-371A5EA33FC7}.Debug|x86.ActiveCfg = Debug|x86
		{F5AFF73B-7414-4690-AF54-371A5EA33FC7}.Debug|x86.Build.0 = Debug|x86
		{F5AFF73B-7414-4690-AF54-371A5EA33FC7}.Release|x86.ActiveCfg = Release|x86
		{F5AFF73B-7414-4690-AF54-371A5EA33FC7}.Release|x86.Build.0 = Release|x86
	EndGlobalSection
	GlobalSection(MonoDevelopProperties) = preSolution
		StartupItem = SumaRomanos\SumaRomanos.csproj
	EndGlobalSection
EndGlobal
